{
  "originHash" : "d61c22f574cb3e2c42e43d891a0a198ac4e2b2e492e67a5e2375d4dfac817322",
  "pins" : [
    {
      "identity" : "ios_sdk",
      "kind" : "remoteSourceControl",
      "location" : "https://github.com/adjust/ios_sdk",
      "state" : {
        "revision" : "e163732d55c3c0eb749f22418b6e4855839696c3",
        "version" : "4.38.4"
      }
    }
  ],
  "version" : 3
}
